
Microsoft Visual Studio Solution File, Format Version 12.00
# Visual Studio Version 16
VisualStudioVersion = 16.0.29709.97
MinimumVisualStudioVersion = 10.0.40219.1
Project("{FAE04EC0-301F-11D3-BF4B-00C04F79EFBC}") = "IP_Module09_Listes_Structures", "IP_Module09_Listes_Structures\IP_Module09_Listes_Structures.csproj", "{8F4E71CB-148C-4AC8-AE7E-C2989EA5D29B}"
EndProject
Project("{FAE04EC0-301F-11D3-BF4B-00C04F79EFBC}") = "TestsIP_Module09_Listes_Structures", "TestsIP_Module09_Listes_Structures\TestsIP_Module09_Listes_Structures.csproj", "{6F7C83BC-FDCC-4CC4-87E5-9709E4904109}"
EndProject
Global
	GlobalSection(SolutionConfigurationPlatforms) = preSolution
		Debug|Any CPU = Debug|Any CPU
		Release|Any CPU = Release|Any CPU
	EndGlobalSection
	GlobalSection(ProjectConfigurationPlatforms) = postSolution
		{8F4E71CB-148C-4AC8-AE7E-C2989EA5D29B}.Debug|Any CPU.ActiveCfg = Debug|Any CPU
		{8F4E71CB-148C-4AC8-AE7E-C2989EA5D29B}.Debug|Any CPU.Build.0 = Debug|Any CPU
		{8F4E71CB-148C-4AC8-AE7E-C2989EA5D29B}.Release|Any CPU.ActiveCfg = Release|Any CPU
		{8F4E71CB-148C-4AC8-AE7E-C2989EA5D29B}.Release|Any CPU.Build.0 = Release|Any CPU
		{6F7C83BC-FDCC-4CC4-87E5-9709E4904109}.Debug|Any CPU.ActiveCfg = Debug|Any CPU
		{6F7C83BC-FDCC-4CC4-87E5-9709E4904109}.Debug|Any CPU.Build.0 = Debug|Any CPU
		{6F7C83BC-FDCC-4CC4-87E5-9709E4904109}.Release|Any CPU.ActiveCfg = Release|Any CPU
		{6F7C83BC-FDCC-4CC4-87E5-9709E4904109}.Release|Any CPU.Build.0 = Release|Any CPU
	EndGlobalSection
	GlobalSection(SolutionProperties) = preSolution
		HideSolutionNode = FALSE
	EndGlobalSection
	GlobalSection(ExtensibilityGlobals) = postSolution
		SolutionGuid = {24AB8443-CBE8-4A66-886E-2C8268C3647F}
	EndGlobalSection
EndGlobal
