
Microsoft Visual Studio Solution File, Format Version 12.00
# Visual Studio Version 16
VisualStudioVersion = 16.0.29009.5
MinimumVisualStudioVersion = 10.0.40219.1
Project("{FAE04EC0-301F-11D3-BF4B-00C04F79EFBC}") = "DemoTestsUnitaires", "DemoTestsUnitaires\DemoTestsUnitaires.csproj", "{99991911-466B-435D-BB14-54DF2745B423}"
EndProject
Project("{FAE04EC0-301F-11D3-BF4B-00C04F79EFBC}") = "TestsDemoTestsUnitaires", "TestsDemoTestsUnitaires\TestsDemoTestsUnitaires.csproj", "{B7334D57-D1F5-409F-B128-DCC82AF2731E}"
EndProject
Global
	GlobalSection(SolutionConfigurationPlatforms) = preSolution
		Debug|Any CPU = Debug|Any CPU
		Release|Any CPU = Release|Any CPU
	EndGlobalSection
	GlobalSection(ProjectConfigurationPlatforms) = postSolution
		{99991911-466B-435D-BB14-54DF2745B423}.Debug|Any CPU.ActiveCfg = Debug|Any CPU
		{99991911-466B-435D-BB14-54DF2745B423}.Debug|Any CPU.Build.0 = Debug|Any CPU
		{99991911-466B-435D-BB14-54DF2745B423}.Release|Any CPU.ActiveCfg = Release|Any CPU
		{99991911-466B-435D-BB14-54DF2745B423}.Release|Any CPU.Build.0 = Release|Any CPU
		{B7334D57-D1F5-409F-B128-DCC82AF2731E}.Debug|Any CPU.ActiveCfg = Debug|Any CPU
		{B7334D57-D1F5-409F-B128-DCC82AF2731E}.Debug|Any CPU.Build.0 = Debug|Any CPU
		{B7334D57-D1F5-409F-B128-DCC82AF2731E}.Release|Any CPU.ActiveCfg = Release|Any CPU
		{B7334D57-D1F5-409F-B128-DCC82AF2731E}.Release|Any CPU.Build.0 = Release|Any CPU
	EndGlobalSection
	GlobalSection(SolutionProperties) = preSolution
		HideSolutionNode = FALSE
	EndGlobalSection
	GlobalSection(ExtensibilityGlobals) = postSolution
		SolutionGuid = {C3D1B1B2-F005-41EF-B595-B546911B6F45}
	EndGlobalSection
EndGlobal
